
Microsoft Visual Studio Solution File, Format Version 12.00
# Visual Studio Version 16
VisualStudioVersion = 16.0.32106.194
MinimumVisualStudioVersion = 10.0.40219.1
Project("{FAE04EC0-301F-11D3-BF4B-00C04F79EFBC}") = "DependencyInjection", "DependencyInjection\DependencyInjection.csproj", "{D54FDD48-6144-4E34-B8AB-DD3FC53DEDAF}"
EndProject
Project("{FAE04EC0-301F-11D3-BF4B-00C04F79EFBC}") = "DependencyInjection.Tests", "DependencyInjection.Tests\DependencyInjection.Tests.csproj", "{FB1A8CE0-FEE3-4815-9A20-F8F59EADD8E4}"
EndProject
Project("{FAE04EC0-301F-11D3-BF4B-00C04F79EFBC}") = "StartApp", "StartApp\StartApp.csproj", "{0BB27DE2-6917-4F38-B4C1-F8139B3D2DBE}"
EndProject
Global
	GlobalSection(SolutionConfigurationPlatforms) = preSolution
		Debug|Any CPU = Debug|Any CPU
		Release|Any CPU = Release|Any CPU
	EndGlobalSection
	GlobalSection(ProjectConfigurationPlatforms) = postSolution
		{D54FDD48-6144-4E34-B8AB-DD3FC53DEDAF}.Debug|Any CPU.ActiveCfg = Debug|Any CPU
		{D54FDD48-6144-4E34-B8AB-DD3FC53DEDAF}.Debug|Any CPU.Build.0 = Debug|Any CPU
		{D54FDD48-6144-4E34-B8AB-DD3FC53DEDAF}.Release|Any CPU.ActiveCfg = Release|Any CPU
		{D54FDD48-6144-4E34-B8AB-DD3FC53DEDAF}.Release|Any CPU.Build.0 = Release|Any CPU
		{FB1A8CE0-FEE3-4815-9A20-F8F59EADD8E4}.Debug|Any CPU.ActiveCfg = Debug|Any CPU
		{FB1A8CE0-FEE3-4815-9A20-F8F59EADD8E4}.Debug|Any CPU.Build.0 = Debug|Any CPU
		{FB1A8CE0-FEE3-4815-9A20-F8F59EADD8E4}.Release|Any CPU.ActiveCfg = Release|Any CPU
		{FB1A8CE0-FEE3-4815-9A20-F8F59EADD8E4}.Release|Any CPU.Build.0 = Release|Any CPU
		{0BB27DE2-6917-4F38-B4C1-F8139B3D2DBE}.Debug|Any CPU.ActiveCfg = Debug|Any CPU
		{0BB27DE2-6917-4F38-B4C1-F8139B3D2DBE}.Debug|Any CPU.Build.0 = Debug|Any CPU
		{0BB27DE2-6917-4F38-B4C1-F8139B3D2DBE}.Release|Any CPU.ActiveCfg = Release|Any CPU
		{0BB27DE2-6917-4F38-B4C1-F8139B3D2DBE}.Release|Any CPU.Build.0 = Release|Any CPU
	EndGlobalSection
	GlobalSection(SolutionProperties) = preSolution
		HideSolutionNode = FALSE
	EndGlobalSection
	GlobalSection(ExtensibilityGlobals) = postSolution
		SolutionGuid = {42A5A72D-CE09-4688-9108-200D0B6FFADA}
	EndGlobalSection
EndGlobal
